
Microsoft Visual Studio Solution File, Format Version 12.00
# Visual Studio 15
VisualStudioVersion = 15.0.28307.572
MinimumVisualStudioVersion = 10.0.40219.1
Project("{FAE04EC0-301F-11D3-BF4B-00C04F79EFBC}") = "CountOfBytes", "CountOfBytes\CountOfBytes.csproj", "{BD3A7B38-81F9-40BE-83A9-46105D8B4435}"
EndProject
Global
	GlobalSection(SolutionConfigurationPlatforms) = preSolution
		Debug|Any CPU = Debug|Any CPU
		Release|Any CPU = Release|Any CPU
	EndGlobalSection
	GlobalSection(ProjectConfigurationPlatforms) = postSolution
		{BD3A7B38-81F9-40BE-83A9-46105D8B4435}.Debug|Any CPU.ActiveCfg = Debug|Any CPU
		{BD3A7B38-81F9-40BE-83A9-46105D8B4435}.Debug|Any CPU.Build.0 = Debug|Any CPU
		{BD3A7B38-81F9-40BE-83A9-46105D8B4435}.Release|Any CPU.ActiveCfg = Release|Any CPU
		{BD3A7B38-81F9-40BE-83A9-46105D8B4435}.Release|Any CPU.Build.0 = Release|Any CPU
	EndGlobalSection
	GlobalSection(SolutionProperties) = preSolution
		HideSolutionNode = FALSE
	EndGlobalSection
	GlobalSection(ExtensibilityGlobals) = postSolution
		SolutionGuid = {3D3E3474-DE3B-4BCE-B9C7-98CD9A93C5B5}
	EndGlobalSection
EndGlobal
